
Microsoft Visual Studio Solution File, Format Version 12.00
# Visual Studio Version 17
VisualStudioVersion = 17.1.32421.90
MinimumVisualStudioVersion = 10.0.40219.1
Project("{FAE04EC0-301F-11D3-BF4B-00C04F79EFBC}") = "Rocky", "Rocky\Rocky.csproj", "{676D5622-4A54-4004-8575-387C27BFAA0B}"
EndProject
Global
	GlobalSection(SolutionConfigurationPlatforms) = preSolution
		Debug|Any CPU = Debug|Any CPU
		Release|Any CPU = Release|Any CPU
	EndGlobalSection
	GlobalSection(ProjectConfigurationPlatforms) = postSolution
		{676D5622-4A54-4004-8575-387C27BFAA0B}.Debug|Any CPU.ActiveCfg = Debug|Any CPU
		{676D5622-4A54-4004-8575-387C27BFAA0B}.Debug|Any CPU.Build.0 = Debug|Any CPU
		{676D5622-4A54-4004-8575-387C27BFAA0B}.Release|Any CPU.ActiveCfg = Release|Any CPU
		{676D5622-4A54-4004-8575-387C27BFAA0B}.Release|Any CPU.Build.0 = Release|Any CPU
	EndGlobalSection
	GlobalSection(SolutionProperties) = preSolution
		HideSolutionNode = FALSE
	EndGlobalSection
	GlobalSection(ExtensibilityGlobals) = postSolution
		SolutionGuid = {14151D60-CB63-4F76-840E-B5420ADB4220}
	EndGlobalSection
EndGlobal
